
Microsoft Visual Studio Solution File, Format Version 12.00
# Visual Studio Version 17
VisualStudioVersion = 17.0.31912.275
MinimumVisualStudioVersion = 10.0.40219.1
Project("{9A19103F-16F7-4668-BE54-9A1E7A4F7556}") = "BuilderGenerator", "BuilderGenerator\BuilderGenerator.csproj", "{159A1DAD-038B-4EBB-BA6B-58C98C68A596}"
EndProject
Project("{2150E333-8FDC-42A3-9474-1A3956D46DE8}") = "Solution Items", "Solution Items", "{FBF0BDED-E356-445D-9E23-FEE97810416A}"
	ProjectSection(SolutionItems) = preProject
		.editorconfig = .editorconfig
		..\.gitignore = ..\.gitignore
		..\LICENSE.md = ..\LICENSE.md
		..\README.md = ..\README.md
		..\GitVersion.yml = ..\GitVersion.yml
	EndProjectSection
EndProject
Project("{2150E333-8FDC-42A3-9474-1A3956D46DE8}") = "actions", "actions", "{6842FF17-D296-4C8D-BDA2-90624C2E475C}"
	ProjectSection(SolutionItems) = preProject
		..\.github\workflows\ci.yml = ..\.github\workflows\ci.yml
		..\.github\workflows\release.yml = ..\.github\workflows\release.yml
	EndProjectSection
EndProject
Project("{FAE04EC0-301F-11D3-BF4B-00C04F79EFBC}") = "BuilderGenerator.Tests", "BuilderGenerator.Tests\BuilderGenerator.Tests.csproj", "{56077552-1D3A-4716-A4FF-F7468EB93B3E}"
EndProject
Global
	GlobalSection(SolutionConfigurationPlatforms) = preSolution
		Debug|Any CPU = Debug|Any CPU
		Release|Any CPU = Release|Any CPU
	EndGlobalSection
	GlobalSection(ProjectConfigurationPlatforms) = postSolution
		{159A1DAD-038B-4EBB-BA6B-58C98C68A596}.Debug|Any CPU.ActiveCfg = Debug|Any CPU
		{159A1DAD-038B-4EBB-BA6B-58C98C68A596}.Debug|Any CPU.Build.0 = Debug|Any CPU
		{159A1DAD-038B-4EBB-BA6B-58C98C68A596}.Release|Any CPU.ActiveCfg = Release|Any CPU
		{159A1DAD-038B-4EBB-BA6B-58C98C68A596}.Release|Any CPU.Build.0 = Release|Any CPU
		{56077552-1D3A-4716-A4FF-F7468EB93B3E}.Debug|Any CPU.ActiveCfg = Debug|Any CPU
		{56077552-1D3A-4716-A4FF-F7468EB93B3E}.Debug|Any CPU.Build.0 = Debug|Any CPU
		{56077552-1D3A-4716-A4FF-F7468EB93B3E}.Release|Any CPU.ActiveCfg = Release|Any CPU
		{56077552-1D3A-4716-A4FF-F7468EB93B3E}.Release|Any CPU.Build.0 = Release|Any CPU
	EndGlobalSection
	GlobalSection(SolutionProperties) = preSolution
		HideSolutionNode = FALSE
	EndGlobalSection
	GlobalSection(NestedProjects) = preSolution
		{6842FF17-D296-4C8D-BDA2-90624C2E475C} = {FBF0BDED-E356-445D-9E23-FEE97810416A}
	EndGlobalSection
	GlobalSection(ExtensibilityGlobals) = postSolution
		SolutionGuid = {F843C644-4251-476E-812E-7FCEE2F68794}
	EndGlobalSection
EndGlobal
